
Microsoft Visual Studio Solution File, Format Version 12.00
# Visual Studio Version 16
VisualStudioVersion = 16.0.30804.86
MinimumVisualStudioVersion = 10.0.40219.1
Project("{FAE04EC0-301F-11D3-BF4B-00C04F79EFBC}") = "Lab2", "Lab2.csproj", "{4080F7D7-A54C-4467-BAED-0F7E2D1FFACF}"
EndProject
Global
	GlobalSection(SolutionConfigurationPlatforms) = preSolution
		Debug|Any CPU = Debug|Any CPU
		Release|Any CPU = Release|Any CPU
	EndGlobalSection
	GlobalSection(ProjectConfigurationPlatforms) = postSolution
		{4080F7D7-A54C-4467-BAED-0F7E2D1FFACF}.Debug|Any CPU.ActiveCfg = Debug|Any CPU
		{4080F7D7-A54C-4467-BAED-0F7E2D1FFACF}.Debug|Any CPU.Build.0 = Debug|Any CPU
		{4080F7D7-A54C-4467-BAED-0F7E2D1FFACF}.Release|Any CPU.ActiveCfg = Release|Any CPU
		{4080F7D7-A54C-4467-BAED-0F7E2D1FFACF}.Release|Any CPU.Build.0 = Release|Any CPU
	EndGlobalSection
	GlobalSection(SolutionProperties) = preSolution
		HideSolutionNode = FALSE
	EndGlobalSection
	GlobalSection(ExtensibilityGlobals) = postSolution
		SolutionGuid = {99266BD2-2E46-4068-88DB-7F7EE0BC6C17}
	EndGlobalSection
EndGlobal
